
Microsoft Visual Studio Solution File, Format Version 11.00
# Visual Studio 2010
# SharpDevelop 4.4
Project("{FAE04EC0-301F-11D3-BF4B-00C04F79EFBC}") = "agencia_viagens", "agencia_viagens\agencia_viagens.csproj", "{2A4D761D-A2DF-4016-BB52-FFC11D4E613A}"
EndProject
Global
	GlobalSection(SolutionConfigurationPlatforms) = preSolution
		Debug|Any CPU = Debug|Any CPU
		Release|Any CPU = Release|Any CPU
	EndGlobalSection
	GlobalSection(ProjectConfigurationPlatforms) = postSolution
		{2A4D761D-A2DF-4016-BB52-FFC11D4E613A}.Debug|Any CPU.Build.0 = Debug|Any CPU
		{2A4D761D-A2DF-4016-BB52-FFC11D4E613A}.Debug|Any CPU.ActiveCfg = Debug|Any CPU
		{2A4D761D-A2DF-4016-BB52-FFC11D4E613A}.Release|Any CPU.Build.0 = Release|Any CPU
		{2A4D761D-A2DF-4016-BB52-FFC11D4E613A}.Release|Any CPU.ActiveCfg = Release|Any CPU
	EndGlobalSection
EndGlobal
