
Microsoft Visual Studio Solution File, Format Version 11.00
# Visual Studio 2010
# SharpDevelop 4.4
Project("{FAE04EC0-301F-11D3-BF4B-00C04F79EFBC}") = "vetores", "vetores\vetores.csproj", "{D4DB1688-708E-4143-95DC-499879B01348}"
EndProject
Global
	GlobalSection(SolutionConfigurationPlatforms) = preSolution
		Debug|Any CPU = Debug|Any CPU
		Release|Any CPU = Release|Any CPU
	EndGlobalSection
	GlobalSection(ProjectConfigurationPlatforms) = postSolution
		{D4DB1688-708E-4143-95DC-499879B01348}.Debug|Any CPU.Build.0 = Debug|Any CPU
		{D4DB1688-708E-4143-95DC-499879B01348}.Debug|Any CPU.ActiveCfg = Debug|Any CPU
		{D4DB1688-708E-4143-95DC-499879B01348}.Release|Any CPU.Build.0 = Release|Any CPU
		{D4DB1688-708E-4143-95DC-499879B01348}.Release|Any CPU.ActiveCfg = Release|Any CPU
	EndGlobalSection
EndGlobal
