
Microsoft Visual Studio Solution File, Format Version 11.00
# Visual Studio 2010
# SharpDevelop 5.1
Project("{FAE04EC0-301F-11D3-BF4B-00C04F79EFBC}") = "calculadora_top", "calculadora_top\calculadora_top.csproj", "{59EC7BB4-4143-494B-92E7-FF377AD977FE}"
EndProject
Global
	GlobalSection(SolutionConfigurationPlatforms) = preSolution
		Debug|Any CPU = Debug|Any CPU
		Release|Any CPU = Release|Any CPU
	EndGlobalSection
	GlobalSection(ProjectConfigurationPlatforms) = postSolution
		{59EC7BB4-4143-494B-92E7-FF377AD977FE}.Debug|Any CPU.ActiveCfg = Debug|Any CPU
		{59EC7BB4-4143-494B-92E7-FF377AD977FE}.Debug|Any CPU.Build.0 = Debug|Any CPU
		{59EC7BB4-4143-494B-92E7-FF377AD977FE}.Release|Any CPU.ActiveCfg = Release|Any CPU
		{59EC7BB4-4143-494B-92E7-FF377AD977FE}.Release|Any CPU.Build.0 = Release|Any CPU
	EndGlobalSection
EndGlobal
