
Microsoft Visual Studio Solution File, Format Version 11.00
# Visual Studio 2010
# SharpDevelop 5.1
Project("{FAE04EC0-301F-11D3-BF4B-00C04F79EFBC}") = "exercicio4", "exercicio4\exercicio4.csproj", "{ABF10ABF-9031-4327-A69C-D084A3B2FCE9}"
EndProject
Global
	GlobalSection(SolutionConfigurationPlatforms) = preSolution
		Debug|Any CPU = Debug|Any CPU
		Release|Any CPU = Release|Any CPU
	EndGlobalSection
	GlobalSection(ProjectConfigurationPlatforms) = postSolution
		{ABF10ABF-9031-4327-A69C-D084A3B2FCE9}.Debug|Any CPU.ActiveCfg = Debug|Any CPU
		{ABF10ABF-9031-4327-A69C-D084A3B2FCE9}.Debug|Any CPU.Build.0 = Debug|Any CPU
		{ABF10ABF-9031-4327-A69C-D084A3B2FCE9}.Release|Any CPU.ActiveCfg = Release|Any CPU
		{ABF10ABF-9031-4327-A69C-D084A3B2FCE9}.Release|Any CPU.Build.0 = Release|Any CPU
	EndGlobalSection
EndGlobal
