
Microsoft Visual Studio Solution File, Format Version 11.00
# Visual Studio 2010
# SharpDevelop 4.4
Project("{FAE04EC0-301F-11D3-BF4B-00C04F79EFBC}") = "exercicio2_listaNumeros", "exercicio2_listaNumeros\exercicio2_listaNumeros.csproj", "{9C128FB0-DDF2-4326-8839-8930B48F2DAF}"
EndProject
Global
	GlobalSection(SolutionConfigurationPlatforms) = preSolution
		Debug|Any CPU = Debug|Any CPU
		Release|Any CPU = Release|Any CPU
	EndGlobalSection
	GlobalSection(ProjectConfigurationPlatforms) = postSolution
		{9C128FB0-DDF2-4326-8839-8930B48F2DAF}.Debug|Any CPU.Build.0 = Debug|Any CPU
		{9C128FB0-DDF2-4326-8839-8930B48F2DAF}.Debug|Any CPU.ActiveCfg = Debug|Any CPU
		{9C128FB0-DDF2-4326-8839-8930B48F2DAF}.Release|Any CPU.Build.0 = Release|Any CPU
		{9C128FB0-DDF2-4326-8839-8930B48F2DAF}.Release|Any CPU.ActiveCfg = Release|Any CPU
	EndGlobalSection
EndGlobal
